
Microsoft Visual Studio Solution File, Format Version 12.00
# Visual Studio 14
VisualStudioVersion = 14.0.24720.0
MinimumVisualStudioVersion = 10.0.40219.1
Project("{FAE04EC0-301F-11D3-BF4B-00C04F79EFBC}") = "Gorgosaurus", "Gorgosaurus\Gorgosaurus.csproj", "{35460AA4-B94A-4B64-9418-7243EC3D2F01}"
EndProject
Project("{FAE04EC0-301F-11D3-BF4B-00C04F79EFBC}") = "Gorgosaurus.BO", "Gorgosaurus.BO\Gorgosaurus.BO.csproj", "{AB06F2ED-6A0C-4A3F-A1CA-0698583BEB48}"
EndProject
Project("{2150E333-8FDC-42A3-9474-1A3956D46DE8}") = ".nuget", ".nuget", "{C4008547-A030-429C-876C-D65C07899956}"
	ProjectSection(SolutionItems) = preProject
		.nuget\NuGet.Config = .nuget\NuGet.Config
		.nuget\NuGet.exe = .nuget\NuGet.exe
		.nuget\NuGet.targets = .nuget\NuGet.targets
	EndProjectSection
EndProject
Project("{FAE04EC0-301F-11D3-BF4B-00C04F79EFBC}") = "Gorgosaurus.DA", "Gorgosaurus.DA\Gorgosaurus.DA.csproj", "{F27D6415-9780-4C5D-809D-7D2DFFB17472}"
EndProject
Project("{FAE04EC0-301F-11D3-BF4B-00C04F79EFBC}") = "Gorgosaurus.DA.IntegrationTests", "Gorgosaurus.DA.IntegrationTests\Gorgosaurus.DA.IntegrationTests.csproj", "{AD4F7C6F-CAE3-48FF-9FBB-7D0F072C11E8}"
EndProject
Project("{FAE04EC0-301F-11D3-BF4B-00C04F79EFBC}") = "Gorgosaurus.Common", "Gorgosaurus.Common\Gorgosaurus.Common.csproj", "{C689EF06-EBB0-4E97-9166-3990611692D6}"
EndProject
Global
	GlobalSection(SolutionConfigurationPlatforms) = preSolution
		Debug|Any CPU = Debug|Any CPU
		Debug|x86 = Debug|x86
		Release|Any CPU = Release|Any CPU
		Release|x86 = Release|x86
	EndGlobalSection
	GlobalSection(ProjectConfigurationPlatforms) = postSolution
		{35460AA4-B94A-4B64-9418-7243EC3D2F01}.Debug|Any CPU.ActiveCfg = Debug|Any CPU
		{35460AA4-B94A-4B64-9418-7243EC3D2F01}.Debug|Any CPU.Build.0 = Debug|Any CPU
		{35460AA4-B94A-4B64-9418-7243EC3D2F01}.Debug|x86.ActiveCfg = Debug|Any CPU
		{35460AA4-B94A-4B64-9418-7243EC3D2F01}.Debug|x86.Build.0 = Debug|Any CPU
		{35460AA4-B94A-4B64-9418-7243EC3D2F01}.Release|Any CPU.ActiveCfg = Release|Any CPU
		{35460AA4-B94A-4B64-9418-7243EC3D2F01}.Release|Any CPU.Build.0 = Release|Any CPU
		{35460AA4-B94A-4B64-9418-7243EC3D2F01}.Release|x86.ActiveCfg = Release|x86
		{35460AA4-B94A-4B64-9418-7243EC3D2F01}.Release|x86.Build.0 = Release|x86
		{AB06F2ED-6A0C-4A3F-A1CA-0698583BEB48}.Debug|Any CPU.ActiveCfg = Debug|Any CPU
		{AB06F2ED-6A0C-4A3F-A1CA-0698583BEB48}.Debug|Any CPU.Build.0 = Debug|Any CPU
		{AB06F2ED-6A0C-4A3F-A1CA-0698583BEB48}.Debug|x86.ActiveCfg = Debug|Any CPU
		{AB06F2ED-6A0C-4A3F-A1CA-0698583BEB48}.Release|Any CPU.ActiveCfg = Release|Any CPU
		{AB06F2ED-6A0C-4A3F-A1CA-0698583BEB48}.Release|Any CPU.Build.0 = Release|Any CPU
		{AB06F2ED-6A0C-4A3F-A1CA-0698583BEB48}.Release|x86.ActiveCfg = Release|Any CPU
		{F27D6415-9780-4C5D-809D-7D2DFFB17472}.Debug|Any CPU.ActiveCfg = Debug|Any CPU
		{F27D6415-9780-4C5D-809D-7D2DFFB17472}.Debug|Any CPU.Build.0 = Debug|Any CPU
		{F27D6415-9780-4C5D-809D-7D2DFFB17472}.Debug|x86.ActiveCfg = Debug|Any CPU
		{F27D6415-9780-4C5D-809D-7D2DFFB17472}.Release|Any CPU.ActiveCfg = Release|Any CPU
		{F27D6415-9780-4C5D-809D-7D2DFFB17472}.Release|Any CPU.Build.0 = Release|Any CPU
		{F27D6415-9780-4C5D-809D-7D2DFFB17472}.Release|x86.ActiveCfg = Release|Any CPU
		{AD4F7C6F-CAE3-48FF-9FBB-7D0F072C11E8}.Debug|Any CPU.ActiveCfg = Debug|Any CPU
		{AD4F7C6F-CAE3-48FF-9FBB-7D0F072C11E8}.Debug|Any CPU.Build.0 = Debug|Any CPU
		{AD4F7C6F-CAE3-48FF-9FBB-7D0F072C11E8}.Debug|x86.ActiveCfg = Debug|Any CPU
		{AD4F7C6F-CAE3-48FF-9FBB-7D0F072C11E8}.Release|Any CPU.ActiveCfg = Release|Any CPU
		{AD4F7C6F-CAE3-48FF-9FBB-7D0F072C11E8}.Release|Any CPU.Build.0 = Release|Any CPU
		{AD4F7C6F-CAE3-48FF-9FBB-7D0F072C11E8}.Release|x86.ActiveCfg = Release|Any CPU
		{C689EF06-EBB0-4E97-9166-3990611692D6}.Debug|Any CPU.ActiveCfg = Debug|Any CPU
		{C689EF06-EBB0-4E97-9166-3990611692D6}.Debug|Any CPU.Build.0 = Debug|Any CPU
		{C689EF06-EBB0-4E97-9166-3990611692D6}.Debug|x86.ActiveCfg = Debug|Any CPU
		{C689EF06-EBB0-4E97-9166-3990611692D6}.Debug|x86.Build.0 = Debug|Any CPU
		{C689EF06-EBB0-4E97-9166-3990611692D6}.Release|Any CPU.ActiveCfg = Release|Any CPU
		{C689EF06-EBB0-4E97-9166-3990611692D6}.Release|Any CPU.Build.0 = Release|Any CPU
		{C689EF06-EBB0-4E97-9166-3990611692D6}.Release|x86.ActiveCfg = Release|Any CPU
		{C689EF06-EBB0-4E97-9166-3990611692D6}.Release|x86.Build.0 = Release|Any CPU
	EndGlobalSection
	GlobalSection(SolutionProperties) = preSolution
		HideSolutionNode = FALSE
	EndGlobalSection
EndGlobal
